{
  "name": "@yfiles/demo-utils",
  "version": "30.0.0",
  "lockfileVersion": 3,
  "requires": true,
  "packages": {
    "": {
      "name": "@yfiles/demo-utils",
      "version": "30.0.0",
      "license": "https://www.yworks.com/products/yfiles-for-html/sla",
      "dependencies": {
        "@yfiles/yfiles": "^30.0.5+dev",
        "lit-html": "~3.3.0"
      }
    },
    "node_modules/@types/trusted-types": {
      "version": "2.0.7",
      "resolved": "https://registry.npmjs.org/@types/trusted-types/-/trusted-types-2.0.7.tgz",
      "integrity": "sha512-ScaPdn1dQczgbl0QFTeTOmVHFULt394XJgOQNoyVhZ6r2vLnMLJfBPd53SB52T/3G36VI1/g2MZaX0cwDuXsfw==",
      "license": "MIT"
    },
    "node_modules/lit-html": {
      "version": "3.3.2",
      "resolved": "https://registry.npmjs.org/lit-html/-/lit-html-3.3.2.tgz",
      "integrity": "sha512-Qy9hU88zcmaxBXcc10ZpdK7cOLXvXpRoBxERdtqV9QOrfpMZZ6pSYP91LhpPtap3sFMUiL7Tw2RImbe0Al2/kw==",
      "license": "BSD-3-Clause",
      "dependencies": {
        "@types/trusted-types": "^2.0.2"
      }
    },
    "node_modules/@yfiles/yfiles": {
      "version": "30.0.5+dev",
      "integrity": "sha512-DmFWoAJsDTbOt7MOxAsI0mnWbIxh58l4nzkC7nSTSFTq6qDgP3wGS94N4uIEXfieFuJVdRI4l4/qI2npMunbyw==",
      "resolved": "file:../../lib-dev/yfiles-30.0.5+dev.tgz"
    }
  }
}