{
  "name": "@yfiles/demo-utils",
  "version": "30.0.0",
  "lockfileVersion": 3,
  "requires": true,
  "packages": {
    "": {
      "name": "@yfiles/demo-utils",
      "version": "30.0.0",
      "hasInstallScript": true,
      "license": "https://www.yworks.com/products/yfiles-for-html/sla",
      "dependencies": {
        "@yfiles/yfiles": "^30.0.0",
        "lit-html": "~3.3.0"
      }
    },
    "node_modules/@types/trusted-types": {
      "version": "2.0.7",
      "resolved": "https://registry.npmjs.org/@types/trusted-types/-/trusted-types-2.0.7.tgz",
      "integrity": "sha512-ScaPdn1dQczgbl0QFTeTOmVHFULt394XJgOQNoyVhZ6r2vLnMLJfBPd53SB52T/3G36VI1/g2MZaX0cwDuXsfw==",
      "license": "MIT"
    },
    "node_modules/@yfiles/yfiles": {
      "version": "30.0.4+dev",
      "integrity": "sha512-GtDSYKg25rXfGPmAa+zFaNKcZ/YO7cdh5S6NA+d/B+hplRliNDmUdM3qqNsDN1knY6KSTIdlrt24if0ARcVxLA==",
      "resolved": "file:../../lib-dev/yfiles-30.0.4+dev.tgz"
    },
    "node_modules/lit-html": {
      "version": "3.3.1",
      "resolved": "https://registry.npmjs.org/lit-html/-/lit-html-3.3.1.tgz",
      "integrity": "sha512-S9hbyDu/vs1qNrithiNyeyv64c9yqiW9l+DBgI18fL+MTvOtWoFR0FWiyq1TxaYef5wNlpEmzlXoBlZEO+WjoA==",
      "license": "BSD-3-Clause",
      "dependencies": {
        "@types/trusted-types": "^2.0.2"
      }
    }
  }
}